
Microsoft Visual Studio Solution File, Format Version 12.00
# Visual Studio Version 17
VisualStudioVersion = 17.9.34607.119
MinimumVisualStudioVersion = 10.0.40219.1
Project("{2150E333-8FDC-42A3-9474-1A3956D46DE8}") = "FinalProject", "FinalProject", "{F2EE996B-D7AF-4509-ACF8-B433B3B69E31}"
EndProject
Project("{9A19103F-16F7-4668-BE54-9A1E7A4F7556}") = "FinalProject.Entities", "FinalProject.Entities\FinalProject.Entities.csproj", "{31F04746-C5B1-4B43-99A7-E71184EA4F99}"
EndProject
Project("{2150E333-8FDC-42A3-9474-1A3956D46DE8}") = "Domain", "Domain", "{DE147866-6317-4215-8A4B-EF9A1F85C7B6}"
EndProject
Project("{2150E333-8FDC-42A3-9474-1A3956D46DE8}") = "Infrastructure", "Infrastructure", "{D608C5FB-65C9-4680-91DB-2A3C00446211}"
EndProject
Project("{2150E333-8FDC-42A3-9474-1A3956D46DE8}") = "Persistance", "Persistance", "{9EE9325C-11CA-4910-BBEE-60D149404F74}"
EndProject
Project("{9A19103F-16F7-4668-BE54-9A1E7A4F7556}") = "FinalProject.Data", "FinalProject.Data\FinalProject.Data.csproj", "{89E749ED-6C5E-45F2-AEC4-E24D33A14CA2}"
EndProject
Project("{9A19103F-16F7-4668-BE54-9A1E7A4F7556}") = "FinalProject.Repositories", "FinalProject.Repositories\FinalProject.Repositories.csproj", "{60E0DB4A-B328-4159-B299-09D2E3FE89E9}"
EndProject
Project("{2150E333-8FDC-42A3-9474-1A3956D46DE8}") = "Presentation", "Presentation", "{463AF373-9686-466D-B7AA-4E8BF21DDA35}"
EndProject
Project("{9A19103F-16F7-4668-BE54-9A1E7A4F7556}") = "FinalProject.API", "FinalProject.API\FinalProject.API.csproj", "{06EE44A0-3E0A-4A6D-BF61-AD15ACFC97F5}"
EndProject
Project("{2150E333-8FDC-42A3-9474-1A3956D46DE8}") = "Application", "Application", "{C4CA3AE5-0978-4A3E-844B-D1CECE4325F5}"
EndProject
Project("{9A19103F-16F7-4668-BE54-9A1E7A4F7556}") = "FinalProject.Contracts", "FinalProject.Contracts\FinalProject.Contracts.csproj", "{A4B4E2A4-0F3C-4DBF-A2A1-EC25CBF8DF34}"
EndProject
Project("{9A19103F-16F7-4668-BE54-9A1E7A4F7556}") = "FinalProject.Models", "FinalProject.Models\FinalProject.Models.csproj", "{AA2D99FF-709D-4B92-879E-1AF18210C9E3}"
EndProject
Project("{9A19103F-16F7-4668-BE54-9A1E7A4F7556}") = "FinalProject.Service", "FinalProject.Service\FinalProject.Service.csproj", "{245D17D9-1926-4585-AC66-9076A4F23D11}"
EndProject
Global
	GlobalSection(SolutionConfigurationPlatforms) = preSolution
		Debug|Any CPU = Debug|Any CPU
		Release|Any CPU = Release|Any CPU
	EndGlobalSection
	GlobalSection(ProjectConfigurationPlatforms) = postSolution
		{31F04746-C5B1-4B43-99A7-E71184EA4F99}.Debug|Any CPU.ActiveCfg = Debug|Any CPU
		{31F04746-C5B1-4B43-99A7-E71184EA4F99}.Debug|Any CPU.Build.0 = Debug|Any CPU
		{31F04746-C5B1-4B43-99A7-E71184EA4F99}.Release|Any CPU.ActiveCfg = Release|Any CPU
		{31F04746-C5B1-4B43-99A7-E71184EA4F99}.Release|Any CPU.Build.0 = Release|Any CPU
		{89E749ED-6C5E-45F2-AEC4-E24D33A14CA2}.Debug|Any CPU.ActiveCfg = Debug|Any CPU
		{89E749ED-6C5E-45F2-AEC4-E24D33A14CA2}.Debug|Any CPU.Build.0 = Debug|Any CPU
		{89E749ED-6C5E-45F2-AEC4-E24D33A14CA2}.Release|Any CPU.ActiveCfg = Release|Any CPU
		{89E749ED-6C5E-45F2-AEC4-E24D33A14CA2}.Release|Any CPU.Build.0 = Release|Any CPU
		{60E0DB4A-B328-4159-B299-09D2E3FE89E9}.Debug|Any CPU.ActiveCfg = Debug|Any CPU
		{60E0DB4A-B328-4159-B299-09D2E3FE89E9}.Debug|Any CPU.Build.0 = Debug|Any CPU
		{60E0DB4A-B328-4159-B299-09D2E3FE89E9}.Release|Any CPU.ActiveCfg = Release|Any CPU
		{60E0DB4A-B328-4159-B299-09D2E3FE89E9}.Release|Any CPU.Build.0 = Release|Any CPU
		{06EE44A0-3E0A-4A6D-BF61-AD15ACFC97F5}.Debug|Any CPU.ActiveCfg = Debug|Any CPU
		{06EE44A0-3E0A-4A6D-BF61-AD15ACFC97F5}.Debug|Any CPU.Build.0 = Debug|Any CPU
		{06EE44A0-3E0A-4A6D-BF61-AD15ACFC97F5}.Release|Any CPU.ActiveCfg = Release|Any CPU
		{06EE44A0-3E0A-4A6D-BF61-AD15ACFC97F5}.Release|Any CPU.Build.0 = Release|Any CPU
		{A4B4E2A4-0F3C-4DBF-A2A1-EC25CBF8DF34}.Debug|Any CPU.ActiveCfg = Debug|Any CPU
		{A4B4E2A4-0F3C-4DBF-A2A1-EC25CBF8DF34}.Debug|Any CPU.Build.0 = Debug|Any CPU
		{A4B4E2A4-0F3C-4DBF-A2A1-EC25CBF8DF34}.Release|Any CPU.ActiveCfg = Release|Any CPU
		{A4B4E2A4-0F3C-4DBF-A2A1-EC25CBF8DF34}.Release|Any CPU.Build.0 = Release|Any CPU
		{AA2D99FF-709D-4B92-879E-1AF18210C9E3}.Debug|Any CPU.ActiveCfg = Debug|Any CPU
		{AA2D99FF-709D-4B92-879E-1AF18210C9E3}.Debug|Any CPU.Build.0 = Debug|Any CPU
		{AA2D99FF-709D-4B92-879E-1AF18210C9E3}.Release|Any CPU.ActiveCfg = Release|Any CPU
		{AA2D99FF-709D-4B92-879E-1AF18210C9E3}.Release|Any CPU.Build.0 = Release|Any CPU
		{245D17D9-1926-4585-AC66-9076A4F23D11}.Debug|Any CPU.ActiveCfg = Debug|Any CPU
		{245D17D9-1926-4585-AC66-9076A4F23D11}.Debug|Any CPU.Build.0 = Debug|Any CPU
		{245D17D9-1926-4585-AC66-9076A4F23D11}.Release|Any CPU.ActiveCfg = Release|Any CPU
		{245D17D9-1926-4585-AC66-9076A4F23D11}.Release|Any CPU.Build.0 = Release|Any CPU
	EndGlobalSection
	GlobalSection(SolutionProperties) = preSolution
		HideSolutionNode = FALSE
	EndGlobalSection
	GlobalSection(NestedProjects) = preSolution
		{31F04746-C5B1-4B43-99A7-E71184EA4F99} = {DE147866-6317-4215-8A4B-EF9A1F85C7B6}
		{DE147866-6317-4215-8A4B-EF9A1F85C7B6} = {F2EE996B-D7AF-4509-ACF8-B433B3B69E31}
		{D608C5FB-65C9-4680-91DB-2A3C00446211} = {F2EE996B-D7AF-4509-ACF8-B433B3B69E31}
		{9EE9325C-11CA-4910-BBEE-60D149404F74} = {D608C5FB-65C9-4680-91DB-2A3C00446211}
		{89E749ED-6C5E-45F2-AEC4-E24D33A14CA2} = {9EE9325C-11CA-4910-BBEE-60D149404F74}
		{60E0DB4A-B328-4159-B299-09D2E3FE89E9} = {9EE9325C-11CA-4910-BBEE-60D149404F74}
		{463AF373-9686-466D-B7AA-4E8BF21DDA35} = {F2EE996B-D7AF-4509-ACF8-B433B3B69E31}
		{06EE44A0-3E0A-4A6D-BF61-AD15ACFC97F5} = {463AF373-9686-466D-B7AA-4E8BF21DDA35}
		{C4CA3AE5-0978-4A3E-844B-D1CECE4325F5} = {F2EE996B-D7AF-4509-ACF8-B433B3B69E31}
		{A4B4E2A4-0F3C-4DBF-A2A1-EC25CBF8DF34} = {C4CA3AE5-0978-4A3E-844B-D1CECE4325F5}
		{AA2D99FF-709D-4B92-879E-1AF18210C9E3} = {C4CA3AE5-0978-4A3E-844B-D1CECE4325F5}
		{245D17D9-1926-4585-AC66-9076A4F23D11} = {C4CA3AE5-0978-4A3E-844B-D1CECE4325F5}
	EndGlobalSection
	GlobalSection(ExtensibilityGlobals) = postSolution
		SolutionGuid = {2863A37E-BC67-488A-BAF5-B4582A928D11}
	EndGlobalSection
EndGlobal
